
Microsoft Visual Studio Solution File, Format Version 12.00
# Visual Studio Version 17
VisualStudioVersion = 17.13.35818.85
MinimumVisualStudioVersion = 10.0.40219.1
Project("{FAE04EC0-301F-11D3-BF4B-00C04F79EFBC}") = "Domain", "Domain\Domain.csproj", "{9F3D0B8C-8171-437C-8E75-2CEA9EB4CA22}"
EndProject
Project("{2150E333-8FDC-42A3-9474-1A3956D46DE8}") = "tests", "tests", "{02EA681E-C7D8-13C7-8484-4AC65E1B71E8}"
EndProject
Project("{FAE04EC0-301F-11D3-BF4B-00C04F79EFBC}") = "Domain.IntegrationTests", "Domain.IntegrationTests\Domain.IntegrationTests.csproj", "{58DF971E-BB54-476E-8A06-1FF260B2F594}"
EndProject
Project("{FAE04EC0-301F-11D3-BF4B-00C04F79EFBC}") = "Infra", "Infra\Infra.csproj", "{94106405-AD43-4F22-A191-411B8721F455}"
EndProject
Project("{FAE04EC0-301F-11D3-BF4B-00C04F79EFBC}") = "Xcel.Services.Email", "Xcel.Services.Email\Xcel.Services.Email.csproj", "{3AEC81DE-BB71-4DF7-8A31-281567E3BA8C}"
EndProject
Project("{2150E333-8FDC-42A3-9474-1A3956D46DE8}") = "src", "src", "{8E4A2690-C0A7-4A48-8675-DF70D020B6D8}"
EndProject
Project("{2150E333-8FDC-42A3-9474-1A3956D46DE8}") = "services", "services", "{FDA51FA7-ABEE-4651-8718-ABADD53960E6}"
EndProject
Project("{2150E333-8FDC-42A3-9474-1A3956D46DE8}") = "services", "services", "{BA4B74FC-72C4-4279-BAC9-140C0BEC2E06}"
EndProject
Project("{FAE04EC0-301F-11D3-BF4B-00C04F79EFBC}") = "Xcel.Services.Auth", "Xcel.Services.Auth\Xcel.Services.Auth.csproj", "{F162D313-45CD-4124-8530-2710102FE47E}"
EndProject
Project("{FAE04EC0-301F-11D3-BF4B-00C04F79EFBC}") = "Application", "Application\Application.csproj", "{81B1CE25-1859-498F-8E43-55D9C7E8C6B5}"
EndProject
Project("{FAE04EC0-301F-11D3-BF4B-00C04F79EFBC}") = "Xcel.TestUtils", "Xcel.TestUtils\Xcel.TestUtils.csproj", "{F9BE002F-8BC8-4C26-B6FA-A7740B1DD5EE}"
EndProject
Project("{FAE04EC0-301F-11D3-BF4B-00C04F79EFBC}") = "Xcel.Services.Auth.Tests", "Xcel.Services.Auth.Tests\Xcel.Services.Auth.Tests.csproj", "{867BA1F1-00AE-46CF-AD51-76BACDAE4D0B}"
EndProject
Project("{FAE04EC0-301F-11D3-BF4B-00C04F79EFBC}") = "Presentation.API", "Presentation.API\Presentation.API.csproj", "{1217E2A5-A736-43CF-93CC-A55C081E2A3D}"
EndProject
Project("{FAE04EC0-301F-11D3-BF4B-00C04F79EFBC}") = "Xcel.Config", "Xcel.Config\Xcel.Config.csproj", "{78D0F102-76EE-45C8-8A1B-C9B0D1E8D122}"
EndProject
Global
	GlobalSection(SolutionConfigurationPlatforms) = preSolution
		Debug|Any CPU = Debug|Any CPU
		Release|Any CPU = Release|Any CPU
	EndGlobalSection
	GlobalSection(ProjectConfigurationPlatforms) = postSolution
		{9F3D0B8C-8171-437C-8E75-2CEA9EB4CA22}.Debug|Any CPU.ActiveCfg = Debug|Any CPU
		{9F3D0B8C-8171-437C-8E75-2CEA9EB4CA22}.Debug|Any CPU.Build.0 = Debug|Any CPU
		{9F3D0B8C-8171-437C-8E75-2CEA9EB4CA22}.Release|Any CPU.ActiveCfg = Release|Any CPU
		{9F3D0B8C-8171-437C-8E75-2CEA9EB4CA22}.Release|Any CPU.Build.0 = Release|Any CPU
		{58DF971E-BB54-476E-8A06-1FF260B2F594}.Debug|Any CPU.ActiveCfg = Debug|Any CPU
		{58DF971E-BB54-476E-8A06-1FF260B2F594}.Debug|Any CPU.Build.0 = Debug|Any CPU
		{58DF971E-BB54-476E-8A06-1FF260B2F594}.Release|Any CPU.ActiveCfg = Release|Any CPU
		{58DF971E-BB54-476E-8A06-1FF260B2F594}.Release|Any CPU.Build.0 = Release|Any CPU
		{94106405-AD43-4F22-A191-411B8721F455}.Debug|Any CPU.ActiveCfg = Debug|Any CPU
		{94106405-AD43-4F22-A191-411B8721F455}.Debug|Any CPU.Build.0 = Debug|Any CPU
		{94106405-AD43-4F22-A191-411B8721F455}.Release|Any CPU.ActiveCfg = Release|Any CPU
		{94106405-AD43-4F22-A191-411B8721F455}.Release|Any CPU.Build.0 = Release|Any CPU
		{3AEC81DE-BB71-4DF7-8A31-281567E3BA8C}.Debug|Any CPU.ActiveCfg = Debug|Any CPU
		{3AEC81DE-BB71-4DF7-8A31-281567E3BA8C}.Debug|Any CPU.Build.0 = Debug|Any CPU
		{3AEC81DE-BB71-4DF7-8A31-281567E3BA8C}.Release|Any CPU.ActiveCfg = Release|Any CPU
		{3AEC81DE-BB71-4DF7-8A31-281567E3BA8C}.Release|Any CPU.Build.0 = Release|Any CPU
		{F162D313-45CD-4124-8530-2710102FE47E}.Debug|Any CPU.ActiveCfg = Debug|Any CPU
		{F162D313-45CD-4124-8530-2710102FE47E}.Debug|Any CPU.Build.0 = Debug|Any CPU
		{F162D313-45CD-4124-8530-2710102FE47E}.Release|Any CPU.ActiveCfg = Release|Any CPU
		{F162D313-45CD-4124-8530-2710102FE47E}.Release|Any CPU.Build.0 = Release|Any CPU
		{81B1CE25-1859-498F-8E43-55D9C7E8C6B5}.Debug|Any CPU.ActiveCfg = Debug|Any CPU
		{81B1CE25-1859-498F-8E43-55D9C7E8C6B5}.Debug|Any CPU.Build.0 = Debug|Any CPU
		{81B1CE25-1859-498F-8E43-55D9C7E8C6B5}.Release|Any CPU.ActiveCfg = Release|Any CPU
		{81B1CE25-1859-498F-8E43-55D9C7E8C6B5}.Release|Any CPU.Build.0 = Release|Any CPU
		{F9BE002F-8BC8-4C26-B6FA-A7740B1DD5EE}.Debug|Any CPU.ActiveCfg = Debug|Any CPU
		{F9BE002F-8BC8-4C26-B6FA-A7740B1DD5EE}.Debug|Any CPU.Build.0 = Debug|Any CPU
		{F9BE002F-8BC8-4C26-B6FA-A7740B1DD5EE}.Release|Any CPU.ActiveCfg = Release|Any CPU
		{F9BE002F-8BC8-4C26-B6FA-A7740B1DD5EE}.Release|Any CPU.Build.0 = Release|Any CPU
		{867BA1F1-00AE-46CF-AD51-76BACDAE4D0B}.Debug|Any CPU.ActiveCfg = Debug|Any CPU
		{867BA1F1-00AE-46CF-AD51-76BACDAE4D0B}.Debug|Any CPU.Build.0 = Debug|Any CPU
		{867BA1F1-00AE-46CF-AD51-76BACDAE4D0B}.Release|Any CPU.ActiveCfg = Release|Any CPU
		{867BA1F1-00AE-46CF-AD51-76BACDAE4D0B}.Release|Any CPU.Build.0 = Release|Any CPU
		{1217E2A5-A736-43CF-93CC-A55C081E2A3D}.Debug|Any CPU.ActiveCfg = Debug|Any CPU
		{1217E2A5-A736-43CF-93CC-A55C081E2A3D}.Debug|Any CPU.Build.0 = Debug|Any CPU
		{1217E2A5-A736-43CF-93CC-A55C081E2A3D}.Release|Any CPU.ActiveCfg = Release|Any CPU
		{1217E2A5-A736-43CF-93CC-A55C081E2A3D}.Release|Any CPU.Build.0 = Release|Any CPU
		{78D0F102-76EE-45C8-8A1B-C9B0D1E8D122}.Debug|Any CPU.ActiveCfg = Debug|Any CPU
		{78D0F102-76EE-45C8-8A1B-C9B0D1E8D122}.Debug|Any CPU.Build.0 = Debug|Any CPU
		{78D0F102-76EE-45C8-8A1B-C9B0D1E8D122}.Release|Any CPU.ActiveCfg = Release|Any CPU
		{78D0F102-76EE-45C8-8A1B-C9B0D1E8D122}.Release|Any CPU.Build.0 = Release|Any CPU
	EndGlobalSection
	GlobalSection(SolutionProperties) = preSolution
		HideSolutionNode = FALSE
	EndGlobalSection
	GlobalSection(NestedProjects) = preSolution
		{9F3D0B8C-8171-437C-8E75-2CEA9EB4CA22} = {8E4A2690-C0A7-4A48-8675-DF70D020B6D8}
		{58DF971E-BB54-476E-8A06-1FF260B2F594} = {02EA681E-C7D8-13C7-8484-4AC65E1B71E8}
		{94106405-AD43-4F22-A191-411B8721F455} = {8E4A2690-C0A7-4A48-8675-DF70D020B6D8}
		{3AEC81DE-BB71-4DF7-8A31-281567E3BA8C} = {FDA51FA7-ABEE-4651-8718-ABADD53960E6}
		{FDA51FA7-ABEE-4651-8718-ABADD53960E6} = {8E4A2690-C0A7-4A48-8675-DF70D020B6D8}
		{BA4B74FC-72C4-4279-BAC9-140C0BEC2E06} = {02EA681E-C7D8-13C7-8484-4AC65E1B71E8}
		{F162D313-45CD-4124-8530-2710102FE47E} = {FDA51FA7-ABEE-4651-8718-ABADD53960E6}
		{81B1CE25-1859-498F-8E43-55D9C7E8C6B5} = {8E4A2690-C0A7-4A48-8675-DF70D020B6D8}
		{F9BE002F-8BC8-4C26-B6FA-A7740B1DD5EE} = {02EA681E-C7D8-13C7-8484-4AC65E1B71E8}
		{867BA1F1-00AE-46CF-AD51-76BACDAE4D0B} = {BA4B74FC-72C4-4279-BAC9-140C0BEC2E06}
		{1217E2A5-A736-43CF-93CC-A55C081E2A3D} = {8E4A2690-C0A7-4A48-8675-DF70D020B6D8}
		{78D0F102-76EE-45C8-8A1B-C9B0D1E8D122} = {FDA51FA7-ABEE-4651-8718-ABADD53960E6}
	EndGlobalSection
	GlobalSection(ExtensibilityGlobals) = postSolution
		SolutionGuid = {873BE59B-8185-4C01-9557-64138EC085D2}
	EndGlobalSection
EndGlobal
