
Microsoft Visual Studio Solution File, Format Version 12.00
# Visual Studio Version 17
VisualStudioVersion = 17.13.35818.85
MinimumVisualStudioVersion = 10.0.40219.1
Project("{FAE04EC0-301F-11D3-BF4B-00C04F79EFBC}") = "Domain", "Domain\Domain.csproj", "{9F3D0B8C-8171-437C-8E75-2CEA9EB4CA22}"
EndProject
Project("{2150E333-8FDC-42A3-9474-1A3956D46DE8}") = "tests", "tests", "{02EA681E-C7D8-13C7-8484-4AC65E1B71E8}"
EndProject
Project("{FAE04EC0-301F-11D3-BF4B-00C04F79EFBC}") = "Domain.IntegrationTests", "Domain.IntegrationTests\Domain.IntegrationTests.csproj", "{58DF971E-BB54-476E-8A06-1FF260B2F594}"
EndProject
Project("{FAE04EC0-301F-11D3-BF4B-00C04F79EFBC}") = "Infra", "Infra\Infra.csproj", "{94106405-AD43-4F22-A191-411B8721F455}"
EndProject
Project("{FAE04EC0-301F-11D3-BF4B-00C04F79EFBC}") = "Xcel.Services.Email", "Xcel.Services.Email\Xcel.Services.Email.csproj", "{3AEC81DE-BB71-4DF7-8A31-281567E3BA8C}"
EndProject
Project("{FAE04EC0-301F-11D3-BF4B-00C04F79EFBC}") = "Xcel.Services.Email.Tests", "Xcel.Services.Email.Tests\Xcel.Services.Email.Tests.csproj", "{74C7CB01-AD38-4CF4-BA2B-4381EB1A2016}"
EndProject
Project("{2150E333-8FDC-42A3-9474-1A3956D46DE8}") = "src", "src", "{8E4A2690-C0A7-4A48-8675-DF70D020B6D8}"
EndProject
Project("{2150E333-8FDC-42A3-9474-1A3956D46DE8}") = "services", "services", "{FDA51FA7-ABEE-4651-8718-ABADD53960E6}"
EndProject
Project("{2150E333-8FDC-42A3-9474-1A3956D46DE8}") = "services", "services", "{BA4B74FC-72C4-4279-BAC9-140C0BEC2E06}"
EndProject
Project("{FAE04EC0-301F-11D3-BF4B-00C04F79EFBC}") = "Xcel.Services.Auth", "Xcel.Services.Auth\Xcel.Services.Auth.csproj", "{F162D313-45CD-4124-8530-2710102FE47E}"
EndProject
Project("{FAE04EC0-301F-11D3-BF4B-00C04F79EFBC}") = "Application", "Application\Application.csproj", "{81B1CE25-1859-498F-8E43-55D9C7E8C6B5}"
EndProject
Project("{FAE04EC0-301F-11D3-BF4B-00C04F79EFBC}") = "Xcel.Services.Auth.Tests", "Xcel.Services.Auth.Tests\Xcel.Services.Auth.Tests.csproj", "{0DAB9869-F51F-4A87-BCBB-3440178C7BBE}"
EndProject
Global
	GlobalSection(SolutionConfigurationPlatforms) = preSolution
		Debug|Any CPU = Debug|Any CPU
		Release|Any CPU = Release|Any CPU
	EndGlobalSection
	GlobalSection(ProjectConfigurationPlatforms) = postSolution
		{9F3D0B8C-8171-437C-8E75-2CEA9EB4CA22}.Debug|Any CPU.ActiveCfg = Debug|Any CPU
		{9F3D0B8C-8171-437C-8E75-2CEA9EB4CA22}.Debug|Any CPU.Build.0 = Debug|Any CPU
		{9F3D0B8C-8171-437C-8E75-2CEA9EB4CA22}.Release|Any CPU.ActiveCfg = Release|Any CPU
		{9F3D0B8C-8171-437C-8E75-2CEA9EB4CA22}.Release|Any CPU.Build.0 = Release|Any CPU
		{58DF971E-BB54-476E-8A06-1FF260B2F594}.Debug|Any CPU.ActiveCfg = Debug|Any CPU
		{58DF971E-BB54-476E-8A06-1FF260B2F594}.Debug|Any CPU.Build.0 = Debug|Any CPU
		{58DF971E-BB54-476E-8A06-1FF260B2F594}.Release|Any CPU.ActiveCfg = Release|Any CPU
		{58DF971E-BB54-476E-8A06-1FF260B2F594}.Release|Any CPU.Build.0 = Release|Any CPU
		{94106405-AD43-4F22-A191-411B8721F455}.Debug|Any CPU.ActiveCfg = Debug|Any CPU
		{94106405-AD43-4F22-A191-411B8721F455}.Debug|Any CPU.Build.0 = Debug|Any CPU
		{94106405-AD43-4F22-A191-411B8721F455}.Release|Any CPU.ActiveCfg = Release|Any CPU
		{94106405-AD43-4F22-A191-411B8721F455}.Release|Any CPU.Build.0 = Release|Any CPU
		{3AEC81DE-BB71-4DF7-8A31-281567E3BA8C}.Debug|Any CPU.ActiveCfg = Debug|Any CPU
		{3AEC81DE-BB71-4DF7-8A31-281567E3BA8C}.Debug|Any CPU.Build.0 = Debug|Any CPU
		{3AEC81DE-BB71-4DF7-8A31-281567E3BA8C}.Release|Any CPU.ActiveCfg = Release|Any CPU
		{3AEC81DE-BB71-4DF7-8A31-281567E3BA8C}.Release|Any CPU.Build.0 = Release|Any CPU
		{74C7CB01-AD38-4CF4-BA2B-4381EB1A2016}.Debug|Any CPU.ActiveCfg = Debug|Any CPU
		{74C7CB01-AD38-4CF4-BA2B-4381EB1A2016}.Debug|Any CPU.Build.0 = Debug|Any CPU
		{74C7CB01-AD38-4CF4-BA2B-4381EB1A2016}.Release|Any CPU.ActiveCfg = Release|Any CPU
		{74C7CB01-AD38-4CF4-BA2B-4381EB1A2016}.Release|Any CPU.Build.0 = Release|Any CPU
		{F162D313-45CD-4124-8530-2710102FE47E}.Debug|Any CPU.ActiveCfg = Debug|Any CPU
		{F162D313-45CD-4124-8530-2710102FE47E}.Debug|Any CPU.Build.0 = Debug|Any CPU
		{F162D313-45CD-4124-8530-2710102FE47E}.Release|Any CPU.ActiveCfg = Release|Any CPU
		{F162D313-45CD-4124-8530-2710102FE47E}.Release|Any CPU.Build.0 = Release|Any CPU
		{81B1CE25-1859-498F-8E43-55D9C7E8C6B5}.Debug|Any CPU.ActiveCfg = Debug|Any CPU
		{81B1CE25-1859-498F-8E43-55D9C7E8C6B5}.Debug|Any CPU.Build.0 = Debug|Any CPU
		{81B1CE25-1859-498F-8E43-55D9C7E8C6B5}.Release|Any CPU.ActiveCfg = Release|Any CPU
		{81B1CE25-1859-498F-8E43-55D9C7E8C6B5}.Release|Any CPU.Build.0 = Release|Any CPU
		{0DAB9869-F51F-4A87-BCBB-3440178C7BBE}.Debug|Any CPU.ActiveCfg = Debug|Any CPU
		{0DAB9869-F51F-4A87-BCBB-3440178C7BBE}.Debug|Any CPU.Build.0 = Debug|Any CPU
		{0DAB9869-F51F-4A87-BCBB-3440178C7BBE}.Release|Any CPU.ActiveCfg = Release|Any CPU
		{0DAB9869-F51F-4A87-BCBB-3440178C7BBE}.Release|Any CPU.Build.0 = Release|Any CPU
	EndGlobalSection
	GlobalSection(SolutionProperties) = preSolution
		HideSolutionNode = FALSE
	EndGlobalSection
	GlobalSection(NestedProjects) = preSolution
		{9F3D0B8C-8171-437C-8E75-2CEA9EB4CA22} = {8E4A2690-C0A7-4A48-8675-DF70D020B6D8}
		{58DF971E-BB54-476E-8A06-1FF260B2F594} = {02EA681E-C7D8-13C7-8484-4AC65E1B71E8}
		{94106405-AD43-4F22-A191-411B8721F455} = {8E4A2690-C0A7-4A48-8675-DF70D020B6D8}
		{3AEC81DE-BB71-4DF7-8A31-281567E3BA8C} = {FDA51FA7-ABEE-4651-8718-ABADD53960E6}
		{74C7CB01-AD38-4CF4-BA2B-4381EB1A2016} = {BA4B74FC-72C4-4279-BAC9-140C0BEC2E06}
		{FDA51FA7-ABEE-4651-8718-ABADD53960E6} = {8E4A2690-C0A7-4A48-8675-DF70D020B6D8}
		{BA4B74FC-72C4-4279-BAC9-140C0BEC2E06} = {02EA681E-C7D8-13C7-8484-4AC65E1B71E8}
		{F162D313-45CD-4124-8530-2710102FE47E} = {FDA51FA7-ABEE-4651-8718-ABADD53960E6}
		{81B1CE25-1859-498F-8E43-55D9C7E8C6B5} = {8E4A2690-C0A7-4A48-8675-DF70D020B6D8}
		{0DAB9869-F51F-4A87-BCBB-3440178C7BBE} = {BA4B74FC-72C4-4279-BAC9-140C0BEC2E06}
	EndGlobalSection
	GlobalSection(ExtensibilityGlobals) = postSolution
		SolutionGuid = {873BE59B-8185-4C01-9557-64138EC085D2}
	EndGlobalSection
EndGlobal
